// !$*UTF8*$!
{
	archiveVersion = 1;
	classes = {
	};
	objectVersion = 46;
	objects = {

/* Begin PBXBuildFile section */
		3F0336191E5B4E80009FD37E /* CurrencyTextFormatter.m in Sources */ = {isa = PBXBuildFile; fileRef = 3F0336181E5B4E80009FD37E /* CurrencyTextFormatter.m */; };
		3F03361A1E5B4E80009FD37E /* CurrencyTextFormatter.m in Sources */ = {isa = PBXBuildFile; fileRef = 3F0336181E5B4E80009FD37E /* CurrencyTextFormatter.m */; };
		3F03361D1E5B6249009FD37E /* CurrencyValueTextfieldDelegate.m in Sources */ = {isa = PBXBuildFile; fileRef = 3F03361C1E5B6249009FD37E /* CurrencyValueTextfieldDelegate.m */; };
		3F03361E1E5B6249009FD37E /* CurrencyValueTextfieldDelegate.m in Sources */ = {isa = PBXBuildFile; fileRef = 3F03361C1E5B6249009FD37E /* CurrencyValueTextfieldDelegate.m */; };
		3F0336211E5B6275009FD37E /* NetworkClient.m in Sources */ = {isa = PBXBuildFile; fileRef = 3F0336201E5B6275009FD37E /* NetworkClient.m */; };
		3F0336221E5B6275009FD37E /* NetworkClient.m in Sources */ = {isa = PBXBuildFile; fileRef = 3F0336201E5B6275009FD37E /* NetworkClient.m */; };
		3F0336281E5B8E5A009FD37E /* CurrencyRate.m in Sources */ = {isa = PBXBuildFile; fileRef = 3F0336271E5B8E5A009FD37E /* CurrencyRate.m */; };
		3F0336291E5B8E5A009FD37E /* CurrencyRate.m in Sources */ = {isa = PBXBuildFile; fileRef = 3F0336271E5B8E5A009FD37E /* CurrencyRate.m */; };
		3F03362E1E5C3E86009FD37E /* RatesMaker.m in Sources */ = {isa = PBXBuildFile; fileRef = 3F03362D1E5C3E86009FD37E /* RatesMaker.m */; };
		3F03362F1E5C3E86009FD37E /* RatesMaker.m in Sources */ = {isa = PBXBuildFile; fileRef = 3F03362D1E5C3E86009FD37E /* RatesMaker.m */; };
		3F0336521E5C6AD2009FD37E /* UIView+DefaultConstraints.m in Sources */ = {isa = PBXBuildFile; fileRef = 3F0336511E5C6AD2009FD37E /* UIView+DefaultConstraints.m */; };
		3F0336531E5C6AD2009FD37E /* UIView+DefaultConstraints.m in Sources */ = {isa = PBXBuildFile; fileRef = 3F0336511E5C6AD2009FD37E /* UIView+DefaultConstraints.m */; };
		3FC1209B1E59DF5C00A834BE /* CurrencyCollectionViewCell.m in Sources */ = {isa = PBXBuildFile; fileRef = 3FC1209A1E59DF5C00A834BE /* CurrencyCollectionViewCell.m */; };
		3FC1209C1E59DF5C00A834BE /* CurrencyCollectionViewCell.m in Sources */ = {isa = PBXBuildFile; fileRef = 3FC1209A1E59DF5C00A834BE /* CurrencyCollectionViewCell.m */; };
		3FC120A01E59E06200A834BE /* CurrencyCollectionViewDataManager.m in Sources */ = {isa = PBXBuildFile; fileRef = 3FC1209F1E59E06200A834BE /* CurrencyCollectionViewDataManager.m */; };
		3FC120A11E59E06200A834BE /* CurrencyCollectionViewDataManager.m in Sources */ = {isa = PBXBuildFile; fileRef = 3FC1209F1E59E06200A834BE /* CurrencyCollectionViewDataManager.m */; };
		3FC120B51E59F54800A834BE /* Currency+CoreDataClass.m in Sources */ = {isa = PBXBuildFile; fileRef = 3FC120B11E59F54800A834BE /* Currency+CoreDataClass.m */; };
		3FC120B61E59F54800A834BE /* Currency+CoreDataProperties.m in Sources */ = {isa = PBXBuildFile; fileRef = 3FC120B31E59F54800A834BE /* Currency+CoreDataProperties.m */; };
		3FC120B71E59F54800A834BE /* Currency+CoreDataProperties.m in Sources */ = {isa = PBXBuildFile; fileRef = 3FC120B31E59F54800A834BE /* Currency+CoreDataProperties.m */; };
		3FC120C91E59F98D00A834BE /* CurrenciesParser.m in Sources */ = {isa = PBXBuildFile; fileRef = 3FC120C61E59F98D00A834BE /* CurrenciesParser.m */; };
		3FC120CA1E59F98D00A834BE /* CurrenciesParser.m in Sources */ = {isa = PBXBuildFile; fileRef = 3FC120C61E59F98D00A834BE /* CurrenciesParser.m */; };
		3FC120CB1E59F98D00A834BE /* CurrenciesSeeds.json in Resources */ = {isa = PBXBuildFile; fileRef = 3FC120C71E59F98D00A834BE /* CurrenciesSeeds.json */; };
		3FC120CC1E59F98D00A834BE /* CurrenciesSeeds.json in Resources */ = {isa = PBXBuildFile; fileRef = 3FC120C71E59F98D00A834BE /* CurrenciesSeeds.json */; };
		3FC120DE1E5A0D6F00A834BE /* PONSO_User.m in Sources */ = {isa = PBXBuildFile; fileRef = 3FC120DB1E5A0D6F00A834BE /* PONSO_User.m */; };
		3FC120DF1E5A0D6F00A834BE /* PONSO_User.m in Sources */ = {isa = PBXBuildFile; fileRef = 3FC120DB1E5A0D6F00A834BE /* PONSO_User.m */; };
		3FC120E01E5A0D6F00A834BE /* PONSO_Wallet.m in Sources */ = {isa = PBXBuildFile; fileRef = 3FC120DD1E5A0D6F00A834BE /* PONSO_Wallet.m */; };
		3FC120E11E5A0D6F00A834BE /* PONSO_Wallet.m in Sources */ = {isa = PBXBuildFile; fileRef = 3FC120DD1E5A0D6F00A834BE /* PONSO_Wallet.m */; };
		3FC120EB1E5A0D8300A834BE /* User+CoreDataClass.m in Sources */ = {isa = PBXBuildFile; fileRef = 3FC120E31E5A0D8300A834BE /* User+CoreDataClass.m */; };
		3FC120EC1E5A0D8300A834BE /* User+CoreDataProperties.m in Sources */ = {isa = PBXBuildFile; fileRef = 3FC120E51E5A0D8300A834BE /* User+CoreDataProperties.m */; };
		3FC120ED1E5A0D8300A834BE /* User+CoreDataProperties.m in Sources */ = {isa = PBXBuildFile; fileRef = 3FC120E51E5A0D8300A834BE /* User+CoreDataProperties.m */; };
		3FC120EF1E5A0D8300A834BE /* Wallet+CoreDataClass.m in Sources */ = {isa = PBXBuildFile; fileRef = 3FC120E71E5A0D8300A834BE /* Wallet+CoreDataClass.m */; };
		3FC120F01E5A0D8300A834BE /* Wallet+CoreDataProperties.m in Sources */ = {isa = PBXBuildFile; fileRef = 3FC120E91E5A0D8300A834BE /* Wallet+CoreDataProperties.m */; };
		3FC120F11E5A0D8300A834BE /* Wallet+CoreDataProperties.m in Sources */ = {isa = PBXBuildFile; fileRef = 3FC120E91E5A0D8300A834BE /* Wallet+CoreDataProperties.m */; };
		3FC120F71E5A0DD300A834BE /* NSManagedObject+Creating.m in Sources */ = {isa = PBXBuildFile; fileRef = 3FC120F41E5A0DD300A834BE /* NSManagedObject+Creating.m */; };
		3FC120F81E5A0DD300A834BE /* NSManagedObject+Creating.m in Sources */ = {isa = PBXBuildFile; fileRef = 3FC120F41E5A0DD300A834BE /* NSManagedObject+Creating.m */; };
		3FC121011E5A0E4600A834BE /* PONSO_UserParser.m in Sources */ = {isa = PBXBuildFile; fileRef = 3FC121001E5A0E4600A834BE /* PONSO_UserParser.m */; };
		3FC121021E5A0E4600A834BE /* PONSO_UserParser.m in Sources */ = {isa = PBXBuildFile; fileRef = 3FC121001E5A0E4600A834BE /* PONSO_UserParser.m */; };
		3FC121051E5A0EF700A834BE /* PONSO_WalletParser.m in Sources */ = {isa = PBXBuildFile; fileRef = 3FC121041E5A0EF700A834BE /* PONSO_WalletParser.m */; };
		3FC121061E5A0EF700A834BE /* PONSO_WalletParser.m in Sources */ = {isa = PBXBuildFile; fileRef = 3FC121041E5A0EF700A834BE /* PONSO_WalletParser.m */; };
		3FC121091E5A100700A834BE /* PONSO_CurrencyParser.m in Sources */ = {isa = PBXBuildFile; fileRef = 3FC121081E5A100700A834BE /* PONSO_CurrencyParser.m */; };
		3FC1210A1E5A100700A834BE /* PONSO_CurrencyParser.m in Sources */ = {isa = PBXBuildFile; fileRef = 3FC121081E5A100700A834BE /* PONSO_CurrencyParser.m */; };
		3FC1210D1E5A14B600A834BE /* User+FetchRequests.m in Sources */ = {isa = PBXBuildFile; fileRef = 3FC1210C1E5A14B600A834BE /* User+FetchRequests.m */; };
		3FC1210E1E5A14B600A834BE /* User+FetchRequests.m in Sources */ = {isa = PBXBuildFile; fileRef = 3FC1210C1E5A14B600A834BE /* User+FetchRequests.m */; };
		3FC121121E5A15A900A834BE /* UserSaver.m in Sources */ = {isa = PBXBuildFile; fileRef = 3FC121111E5A15A900A834BE /* UserSaver.m */; };
		3FC121131E5A15A900A834BE /* UserSaver.m in Sources */ = {isa = PBXBuildFile; fileRef = 3FC121111E5A15A900A834BE /* UserSaver.m */; };
		3FC121161E5A211200A834BE /* CurrencyDrawingHelper.m in Sources */ = {isa = PBXBuildFile; fileRef = 3FC121151E5A211200A834BE /* CurrencyDrawingHelper.m */; };
		3FC121171E5A211200A834BE /* CurrencyDrawingHelper.m in Sources */ = {isa = PBXBuildFile; fileRef = 3FC121151E5A211200A834BE /* CurrencyDrawingHelper.m */; };
		3FEDAB511E59969000D3C0A8 /* ExchangeNotificationsHandler.m in Sources */ = {isa = PBXBuildFile; fileRef = 3FEDAB501E59969000D3C0A8 /* ExchangeNotificationsHandler.m */; };
		3FEDAB611E59AB1700D3C0A8 /* Revolut-test.xcdatamodeld in Sources */ = {isa = PBXBuildFile; fileRef = 3FEDAB5F1E59AB1700D3C0A8 /* Revolut-test.xcdatamodeld */; };
		3FEDAB621E59AB1700D3C0A8 /* Revolut-test.xcdatamodeld in Sources */ = {isa = PBXBuildFile; fileRef = 3FEDAB5F1E59AB1700D3C0A8 /* Revolut-test.xcdatamodeld */; };
		3FEDAB771E59AD0800D3C0A8 /* CoreDataStack.m in Sources */ = {isa = PBXBuildFile; fileRef = 3FEDAB761E59AD0800D3C0A8 /* CoreDataStack.m */; };
		3FEDAB781E59AD0800D3C0A8 /* CoreDataStack.m in Sources */ = {isa = PBXBuildFile; fileRef = 3FEDAB761E59AD0800D3C0A8 /* CoreDataStack.m */; };
		3FEDAB7C1E59B8DC00D3C0A8 /* StackFactory.m in Sources */ = {isa = PBXBuildFile; fileRef = 3FEDAB7B1E59B8DC00D3C0A8 /* StackFactory.m */; };
		3FEDAB7D1E59B8DC00D3C0A8 /* StackFactory.m in Sources */ = {isa = PBXBuildFile; fileRef = 3FEDAB7B1E59B8DC00D3C0A8 /* StackFactory.m */; };
		3FEDAB801E59B9B000D3C0A8 /* TestCoreDataStack.m in Sources */ = {isa = PBXBuildFile; fileRef = 3FEDAB7F1E59B9B000D3C0A8 /* TestCoreDataStack.m */; };
		3FEDAB811E59B9B000D3C0A8 /* TestCoreDataStack.m in Sources */ = {isa = PBXBuildFile; fileRef = 3FEDAB7F1E59B9B000D3C0A8 /* TestCoreDataStack.m */; };
		3FEDAB8C1E59D0EC00D3C0A8 /* StorageManager.m in Sources */ = {isa = PBXBuildFile; fileRef = 3FEDAB8B1E59D0EC00D3C0A8 /* StorageManager.m */; };
		3FEDAB8D1E59D0EC00D3C0A8 /* StorageManager.m in Sources */ = {isa = PBXBuildFile; fileRef = 3FEDAB8B1E59D0EC00D3C0A8 /* StorageManager.m */; };
		3FEDAB9F1E59D4A700D3C0A8 /* PONSO_Currency.m in Sources */ = {isa = PBXBuildFile; fileRef = 3FEDAB9E1E59D4A700D3C0A8 /* PONSO_Currency.m */; };
		3FEDABA01E59D4A700D3C0A8 /* PONSO_Currency.m in Sources */ = {isa = PBXBuildFile; fileRef = 3FEDAB9E1E59D4A700D3C0A8 /* PONSO_Currency.m */; };
		3FEDABD21E59D76600D3C0A8 /* CurrencyViewController.m in Sources */ = {isa = PBXBuildFile; fileRef = 3FEDABD11E59D76600D3C0A8 /* CurrencyViewController.m */; };
		3FEDABD31E59D76600D3C0A8 /* CurrencyViewController.m in Sources */ = {isa = PBXBuildFile; fileRef = 3FEDABD11E59D76600D3C0A8 /* CurrencyViewController.m */; };
		3FEDABD61E59D79200D3C0A8 /* CurrencyPresenter.m in Sources */ = {isa = PBXBuildFile; fileRef = 3FEDABD51E59D79200D3C0A8 /* CurrencyPresenter.m */; };
		3FEDABD71E59D79200D3C0A8 /* CurrencyPresenter.m in Sources */ = {isa = PBXBuildFile; fileRef = 3FEDABD51E59D79200D3C0A8 /* CurrencyPresenter.m */; };
		3FEDABE01E59D89F00D3C0A8 /* CurrencyInteractor.m in Sources */ = {isa = PBXBuildFile; fileRef = 3FEDABDF1E59D89F00D3C0A8 /* CurrencyInteractor.m */; };
		3FEDABE11E59D89F00D3C0A8 /* CurrencyInteractor.m in Sources */ = {isa = PBXBuildFile; fileRef = 3FEDABDF1E59D89F00D3C0A8 /* CurrencyInteractor.m */; };
		3FEDABE41E59D8D600D3C0A8 /* CurrencyModuleConfigurator.m in Sources */ = {isa = PBXBuildFile; fileRef = 3FEDABE31E59D8D600D3C0A8 /* CurrencyModuleConfigurator.m */; };
		3FEDABE51E59D8D600D3C0A8 /* CurrencyModuleConfigurator.m in Sources */ = {isa = PBXBuildFile; fileRef = 3FEDABE31E59D8D600D3C0A8 /* CurrencyModuleConfigurator.m */; };
		3FEDABE81E59D8EB00D3C0A8 /* CurrencyModuleInitializer.m in Sources */ = {isa = PBXBuildFile; fileRef = 3FEDABE71E59D8EB00D3C0A8 /* CurrencyModuleInitializer.m */; };
		3FEDABE91E59D8EB00D3C0A8 /* CurrencyModuleInitializer.m in Sources */ = {isa = PBXBuildFile; fileRef = 3FEDABE71E59D8EB00D3C0A8 /* CurrencyModuleInitializer.m */; };
		6B85C90A1E5779C20082A62C /* main.m in Sources */ = {isa = PBXBuildFile; fileRef = 6B85C9091E5779C20082A62C /* main.m */; };
		6B85C90D1E5779C20082A62C /* AppDelegate.m in Sources */ = {isa = PBXBuildFile; fileRef = 6B85C90C1E5779C20082A62C /* AppDelegate.m */; };
		6B85C9131E5779C20082A62C /* Exchange.storyboard in Resources */ = {isa = PBXBuildFile; fileRef = 6B85C9111E5779C20082A62C /* Exchange.storyboard */; };
		6B85C9151E5779C20082A62C /* Assets.xcassets in Resources */ = {isa = PBXBuildFile; fileRef = 6B85C9141E5779C20082A62C /* Assets.xcassets */; };
		6B85C9181E5779C20082A62C /* LaunchScreen.storyboard in Resources */ = {isa = PBXBuildFile; fileRef = 6B85C9161E5779C20082A62C /* LaunchScreen.storyboard */; };
		6B85C9231E5779C20082A62C /* Revolut_testTests.m in Sources */ = {isa = PBXBuildFile; fileRef = 6B85C9221E5779C20082A62C /* Revolut_testTests.m */; };
		6B85C92E1E5779C20082A62C /* Revolut_testUITests.m in Sources */ = {isa = PBXBuildFile; fileRef = 6B85C92D1E5779C20082A62C /* Revolut_testUITests.m */; };
		6B85C9481E578E080082A62C /* ExchangeModuleInitializer.m in Sources */ = {isa = PBXBuildFile; fileRef = 6B85C9471E578E080082A62C /* ExchangeModuleInitializer.m */; };
		6B85C9491E578E080082A62C /* ExchangeModuleInitializer.m in Sources */ = {isa = PBXBuildFile; fileRef = 6B85C9471E578E080082A62C /* ExchangeModuleInitializer.m */; };
		6B85C94C1E578E4B0082A62C /* ExchangeViewController.m in Sources */ = {isa = PBXBuildFile; fileRef = 6B85C94B1E578E4B0082A62C /* ExchangeViewController.m */; };
		6B85C94D1E578E4B0082A62C /* ExchangeViewController.m in Sources */ = {isa = PBXBuildFile; fileRef = 6B85C94B1E578E4B0082A62C /* ExchangeViewController.m */; };
		6B85C9521E5790030082A62C /* ExchangePresenter.m in Sources */ = {isa = PBXBuildFile; fileRef = 6B85C9511E5790030082A62C /* ExchangePresenter.m */; };
		6B85C9531E5790030082A62C /* ExchangePresenter.m in Sources */ = {isa = PBXBuildFile; fileRef = 6B85C9511E5790030082A62C /* ExchangePresenter.m */; };
		6B85C9571E5790330082A62C /* ExchangeInteractor.m in Sources */ = {isa = PBXBuildFile; fileRef = 6B85C9561E5790330082A62C /* ExchangeInteractor.m */; };
		6B85C9581E5790330082A62C /* ExchangeInteractor.m in Sources */ = {isa = PBXBuildFile; fileRef = 6B85C9561E5790330082A62C /* ExchangeInteractor.m */; };
		6B85C95D1E5790740082A62C /* ExchangeModuleConfigurator.m in Sources */ = {isa = PBXBuildFile; fileRef = 6B85C95C1E5790740082A62C /* ExchangeModuleConfigurator.m */; };
		6B85C95E1E5790740082A62C /* ExchangeModuleConfigurator.m in Sources */ = {isa = PBXBuildFile; fileRef = 6B85C95C1E5790740082A62C /* ExchangeModuleConfigurator.m */; };
		6B85C9621E5798600082A62C /* CurrencyRateView.m in Sources */ = {isa = PBXBuildFile; fileRef = 6B85C9611E5798600082A62C /* CurrencyRateView.m */; };
		6B85C9631E5798600082A62C /* CurrencyRateView.m in Sources */ = {isa = PBXBuildFile; fileRef = 6B85C9611E5798600082A62C /* CurrencyRateView.m */; };
/* End PBXBuildFile section */

/* Begin PBXContainerItemProxy section */
		6B85C91F1E5779C20082A62C /* PBXContainerItemProxy */ = {
			isa = PBXContainerItemProxy;
			containerPortal = 6B85C8FD1E5779C20082A62C /* Project object */;
			proxyType = 1;
			remoteGlobalIDString = 6B85C9041E5779C20082A62C;
			remoteInfo = "Revolut-test";
		};
		6B85C92A1E5779C20082A62C /* PBXContainerItemProxy */ = {
			isa = PBXContainerItemProxy;
			containerPortal = 6B85C8FD1E5779C20082A62C /* Project object */;
			proxyType = 1;
			remoteGlobalIDString = 6B85C9041E5779C20082A62C;
			remoteInfo = "Revolut-test";
		};
/* End PBXContainerItemProxy section */

/* Begin PBXFileReference section */
		3F0336171E5B4E80009FD37E /* CurrencyTextFormatter.h */ = {isa = PBXFileReference; fileEncoding = 4; lastKnownFileType = sourcecode.c.h; path = CurrencyTextFormatter.h; sourceTree = "<group>"; };
		3F0336181E5B4E80009FD37E /* CurrencyTextFormatter.m */ = {isa = PBXFileReference; fileEncoding = 4; lastKnownFileType = sourcecode.c.objc; path = CurrencyTextFormatter.m; sourceTree = "<group>"; };
		3F03361B1E5B6249009FD37E /* CurrencyValueTextfieldDelegate.h */ = {isa = PBXFileReference; fileEncoding = 4; lastKnownFileType = sourcecode.c.h; path = CurrencyValueTextfieldDelegate.h; sourceTree = "<group>"; };
		3F03361C1E5B6249009FD37E /* CurrencyValueTextfieldDelegate.m */ = {isa = PBXFileReference; fileEncoding = 4; lastKnownFileType = sourcecode.c.objc; path = CurrencyValueTextfieldDelegate.m; sourceTree = "<group>"; };
		3F03361F1E5B6275009FD37E /* NetworkClient.h */ = {isa = PBXFileReference; fileEncoding = 4; lastKnownFileType = sourcecode.c.h; name = NetworkClient.h; path = "Revolut-test/Exchange/Submodules/Currency/View/Helpers/NetworkClient.h"; sourceTree = SOURCE_ROOT; };
		3F0336201E5B6275009FD37E /* NetworkClient.m */ = {isa = PBXFileReference; fileEncoding = 4; lastKnownFileType = sourcecode.c.objc; name = NetworkClient.m; path = "Revolut-test/Exchange/Submodules/Currency/View/Helpers/NetworkClient.m"; sourceTree = SOURCE_ROOT; };
		3F0336231E5B6A76009FD37E /* CurrenciesParserDelegate.h */ = {isa = PBXFileReference; fileEncoding = 4; lastKnownFileType = sourcecode.c.h; path = CurrenciesParserDelegate.h; sourceTree = "<group>"; };
		3F0336261E5B8E5A009FD37E /* CurrencyRate.h */ = {isa = PBXFileReference; fileEncoding = 4; lastKnownFileType = sourcecode.c.h; path = CurrencyRate.h; sourceTree = "<group>"; };
		3F0336271E5B8E5A009FD37E /* CurrencyRate.m */ = {isa = PBXFileReference; fileEncoding = 4; lastKnownFileType = sourcecode.c.objc; path = CurrencyRate.m; sourceTree = "<group>"; };
		3F03362A1E5C30FA009FD37E /* CurrenciesViewTypes.h */ = {isa = PBXFileReference; fileEncoding = 4; lastKnownFileType = sourcecode.c.h; path = CurrenciesViewTypes.h; sourceTree = "<group>"; };
		3F03362C1E5C3E86009FD37E /* RatesMaker.h */ = {isa = PBXFileReference; fileEncoding = 4; lastKnownFileType = sourcecode.c.h; path = RatesMaker.h; sourceTree = "<group>"; };
		3F03362D1E5C3E86009FD37E /* RatesMaker.m */ = {isa = PBXFileReference; fileEncoding = 4; lastKnownFileType = sourcecode.c.objc; path = RatesMaker.m; sourceTree = "<group>"; };
		3F0336501E5C6AD2009FD37E /* UIView+DefaultConstraints.h */ = {isa = PBXFileReference; fileEncoding = 4; lastKnownFileType = sourcecode.c.h; path = "UIView+DefaultConstraints.h"; sourceTree = "<group>"; };
		3F0336511E5C6AD2009FD37E /* UIView+DefaultConstraints.m */ = {isa = PBXFileReference; fileEncoding = 4; lastKnownFileType = sourcecode.c.objc; path = "UIView+DefaultConstraints.m"; sourceTree = "<group>"; };
		3FC120991E59DF5C00A834BE /* CurrencyCollectionViewCell.h */ = {isa = PBXFileReference; fileEncoding = 4; lastKnownFileType = sourcecode.c.h; path = CurrencyCollectionViewCell.h; sourceTree = "<group>"; };
		3FC1209A1E59DF5C00A834BE /* CurrencyCollectionViewCell.m */ = {isa = PBXFileReference; fileEncoding = 4; lastKnownFileType = sourcecode.c.objc; path = CurrencyCollectionViewCell.m; sourceTree = "<group>"; };
		3FC1209E1E59E06200A834BE /* CurrencyCollectionViewDataManager.h */ = {isa = PBXFileReference; fileEncoding = 4; lastKnownFileType = sourcecode.c.h; path = CurrencyCollectionViewDataManager.h; sourceTree = "<group>"; };
		3FC1209F1E59E06200A834BE /* CurrencyCollectionViewDataManager.m */ = {isa = PBXFileReference; fileEncoding = 4; lastKnownFileType = sourcecode.c.objc; path = CurrencyCollectionViewDataManager.m; sourceTree = "<group>"; };
		3FC120A21E59E07C00A834BE /* CurrencyCollectionViewDataManagerProtocol.h */ = {isa = PBXFileReference; fileEncoding = 4; lastKnownFileType = sourcecode.c.h; path = CurrencyCollectionViewDataManagerProtocol.h; sourceTree = "<group>"; };
		3FC120A31E59E09300A834BE /* CurrencyCollectionViewDataManagerDelegate.h */ = {isa = PBXFileReference; fileEncoding = 4; lastKnownFileType = sourcecode.c.h; path = CurrencyCollectionViewDataManagerDelegate.h; sourceTree = "<group>"; };
		3FC120B01E59F54800A834BE /* Currency+CoreDataClass.h */ = {isa = PBXFileReference; fileEncoding = 4; lastKnownFileType = sourcecode.c.h; path = "Currency+CoreDataClass.h"; sourceTree = "<group>"; };
		3FC120B11E59F54800A834BE /* Currency+CoreDataClass.m */ = {isa = PBXFileReference; fileEncoding = 4; lastKnownFileType = sourcecode.c.objc; path = "Currency+CoreDataClass.m"; sourceTree = "<group>"; };
		3FC120B21E59F54800A834BE /* Currency+CoreDataProperties.h */ = {isa = PBXFileReference; fileEncoding = 4; lastKnownFileType = sourcecode.c.h; path = "Currency+CoreDataProperties.h"; sourceTree = "<group>"; };
		3FC120B31E59F54800A834BE /* Currency+CoreDataProperties.m */ = {isa = PBXFileReference; fileEncoding = 4; lastKnownFileType = sourcecode.c.objc; path = "Currency+CoreDataProperties.m"; sourceTree = "<group>"; };
		3FC120C51E59F98D00A834BE /* CurrenciesParser.h */ = {isa = PBXFileReference; fileEncoding = 4; lastKnownFileType = sourcecode.c.h; path = CurrenciesParser.h; sourceTree = "<group>"; };
		3FC120C61E59F98D00A834BE /* CurrenciesParser.m */ = {isa = PBXFileReference; fileEncoding = 4; lastKnownFileType = sourcecode.c.objc; path = CurrenciesParser.m; sourceTree = "<group>"; };
		3FC120C71E59F98D00A834BE /* CurrenciesSeeds.json */ = {isa = PBXFileReference; fileEncoding = 4; lastKnownFileType = text.json; path = CurrenciesSeeds.json; sourceTree = "<group>"; };
		3FC120C81E59F98D00A834BE /* SeedDataExtractor.h */ = {isa = PBXFileReference; fileEncoding = 4; lastKnownFileType = sourcecode.c.h; path = SeedDataExtractor.h; sourceTree = "<group>"; };
		3FC120CD1E59F9BB00A834BE /* CurrenciesParserProtocol.h */ = {isa = PBXFileReference; fileEncoding = 4; lastKnownFileType = sourcecode.c.h; path = CurrenciesParserProtocol.h; sourceTree = "<group>"; };
		3FC120DA1E5A0D6F00A834BE /* PONSO_User.h */ = {isa = PBXFileReference; fileEncoding = 4; lastKnownFileType = sourcecode.c.h; path = PONSO_User.h; sourceTree = "<group>"; };
		3FC120DB1E5A0D6F00A834BE /* PONSO_User.m */ = {isa = PBXFileReference; fileEncoding = 4; lastKnownFileType = sourcecode.c.objc; path = PONSO_User.m; sourceTree = "<group>"; };
		3FC120DC1E5A0D6F00A834BE /* PONSO_Wallet.h */ = {isa = PBXFileReference; fileEncoding = 4; lastKnownFileType = sourcecode.c.h; path = PONSO_Wallet.h; sourceTree = "<group>"; };
		3FC120DD1E5A0D6F00A834BE /* PONSO_Wallet.m */ = {isa = PBXFileReference; fileEncoding = 4; lastKnownFileType = sourcecode.c.objc; path = PONSO_Wallet.m; sourceTree = "<group>"; };
		3FC120E21E5A0D8300A834BE /* User+CoreDataClass.h */ = {isa = PBXFileReference; fileEncoding = 4; lastKnownFileType = sourcecode.c.h; path = "User+CoreDataClass.h"; sourceTree = "<group>"; };
		3FC120E31E5A0D8300A834BE /* User+CoreDataClass.m */ = {isa = PBXFileReference; fileEncoding = 4; lastKnownFileType = sourcecode.c.objc; path = "User+CoreDataClass.m"; sourceTree = "<group>"; };
		3FC120E41E5A0D8300A834BE /* User+CoreDataProperties.h */ = {isa = PBXFileReference; fileEncoding = 4; lastKnownFileType = sourcecode.c.h; path = "User+CoreDataProperties.h"; sourceTree = "<group>"; };
		3FC120E51E5A0D8300A834BE /* User+CoreDataProperties.m */ = {isa = PBXFileReference; fileEncoding = 4; lastKnownFileType = sourcecode.c.objc; path = "User+CoreDataProperties.m"; sourceTree = "<group>"; };
		3FC120E61E5A0D8300A834BE /* Wallet+CoreDataClass.h */ = {isa = PBXFileReference; fileEncoding = 4; lastKnownFileType = sourcecode.c.h; path = "Wallet+CoreDataClass.h"; sourceTree = "<group>"; };
		3FC120E71E5A0D8300A834BE /* Wallet+CoreDataClass.m */ = {isa = PBXFileReference; fileEncoding = 4; lastKnownFileType = sourcecode.c.objc; path = "Wallet+CoreDataClass.m"; sourceTree = "<group>"; };
		3FC120E81E5A0D8300A834BE /* Wallet+CoreDataProperties.h */ = {isa = PBXFileReference; fileEncoding = 4; lastKnownFileType = sourcecode.c.h; path = "Wallet+CoreDataProperties.h"; sourceTree = "<group>"; };
		3FC120E91E5A0D8300A834BE /* Wallet+CoreDataProperties.m */ = {isa = PBXFileReference; fileEncoding = 4; lastKnownFileType = sourcecode.c.objc; path = "Wallet+CoreDataProperties.m"; sourceTree = "<group>"; };
		3FC120F31E5A0DD300A834BE /* NSManagedObject+Creating.h */ = {isa = PBXFileReference; fileEncoding = 4; lastKnownFileType = sourcecode.c.h; path = "NSManagedObject+Creating.h"; sourceTree = "<group>"; };
		3FC120F41E5A0DD300A834BE /* NSManagedObject+Creating.m */ = {isa = PBXFileReference; fileEncoding = 4; lastKnownFileType = sourcecode.c.objc; path = "NSManagedObject+Creating.m"; sourceTree = "<group>"; };
		3FC120FF1E5A0E4600A834BE /* PONSO_UserParser.h */ = {isa = PBXFileReference; fileEncoding = 4; lastKnownFileType = sourcecode.c.h; path = PONSO_UserParser.h; sourceTree = "<group>"; };
		3FC121001E5A0E4600A834BE /* PONSO_UserParser.m */ = {isa = PBXFileReference; fileEncoding = 4; lastKnownFileType = sourcecode.c.objc; path = PONSO_UserParser.m; sourceTree = "<group>"; };
		3FC121031E5A0EF700A834BE /* PONSO_WalletParser.h */ = {isa = PBXFileReference; fileEncoding = 4; lastKnownFileType = sourcecode.c.h; path = PONSO_WalletParser.h; sourceTree = "<group>"; };
		3FC121041E5A0EF700A834BE /* PONSO_WalletParser.m */ = {isa = PBXFileReference; fileEncoding = 4; lastKnownFileType = sourcecode.c.objc; path = PONSO_WalletParser.m; sourceTree = "<group>"; };
		3FC121071E5A100700A834BE /* PONSO_CurrencyParser.h */ = {isa = PBXFileReference; fileEncoding = 4; lastKnownFileType = sourcecode.c.h; path = PONSO_CurrencyParser.h; sourceTree = "<group>"; };
		3FC121081E5A100700A834BE /* PONSO_CurrencyParser.m */ = {isa = PBXFileReference; fileEncoding = 4; lastKnownFileType = sourcecode.c.objc; path = PONSO_CurrencyParser.m; sourceTree = "<group>"; };
		3FC1210B1E5A14B600A834BE /* User+FetchRequests.h */ = {isa = PBXFileReference; fileEncoding = 4; lastKnownFileType = sourcecode.c.h; path = "User+FetchRequests.h"; sourceTree = "<group>"; };
		3FC1210C1E5A14B600A834BE /* User+FetchRequests.m */ = {isa = PBXFileReference; fileEncoding = 4; lastKnownFileType = sourcecode.c.objc; path = "User+FetchRequests.m"; sourceTree = "<group>"; };
		3FC121101E5A15A900A834BE /* UserSaver.h */ = {isa = PBXFileReference; fileEncoding = 4; lastKnownFileType = sourcecode.c.h; path = UserSaver.h; sourceTree = "<group>"; };
		3FC121111E5A15A900A834BE /* UserSaver.m */ = {isa = PBXFileReference; fileEncoding = 4; lastKnownFileType = sourcecode.c.objc; path = UserSaver.m; sourceTree = "<group>"; };
		3FC121141E5A211200A834BE /* CurrencyDrawingHelper.h */ = {isa = PBXFileReference; fileEncoding = 4; lastKnownFileType = sourcecode.c.h; path = CurrencyDrawingHelper.h; sourceTree = "<group>"; };
		3FC121151E5A211200A834BE /* CurrencyDrawingHelper.m */ = {isa = PBXFileReference; fileEncoding = 4; lastKnownFileType = sourcecode.c.objc; path = CurrencyDrawingHelper.m; sourceTree = "<group>"; };
		3FEDAB4F1E59969000D3C0A8 /* ExchangeNotificationsHandler.h */ = {isa = PBXFileReference; fileEncoding = 4; lastKnownFileType = sourcecode.c.h; path = ExchangeNotificationsHandler.h; sourceTree = "<group>"; };
		3FEDAB501E59969000D3C0A8 /* ExchangeNotificationsHandler.m */ = {isa = PBXFileReference; fileEncoding = 4; lastKnownFileType = sourcecode.c.objc; path = ExchangeNotificationsHandler.m; sourceTree = "<group>"; };
		3FEDAB521E5996C900D3C0A8 /* ExchangeNotificationsHandlerProtocol.h */ = {isa = PBXFileReference; fileEncoding = 4; lastKnownFileType = sourcecode.c.h; path = ExchangeNotificationsHandlerProtocol.h; sourceTree = "<group>"; };
		3FEDAB531E59979100D3C0A8 /* ExchangeNotificationsHandlerDelegate.h */ = {isa = PBXFileReference; fileEncoding = 4; lastKnownFileType = sourcecode.c.h; path = ExchangeNotificationsHandlerDelegate.h; sourceTree = "<group>"; };
		3FEDAB601E59AB1700D3C0A8 /* Revolut-test.xcdatamodel */ = {isa = PBXFileReference; lastKnownFileType = wrapper.xcdatamodel; path = "Revolut-test.xcdatamodel"; sourceTree = "<group>"; };
		3FEDAB751E59AD0800D3C0A8 /* CoreDataStack.h */ = {isa = PBXFileReference; fileEncoding = 4; lastKnownFileType = sourcecode.c.h; path = CoreDataStack.h; sourceTree = "<group>"; };
		3FEDAB761E59AD0800D3C0A8 /* CoreDataStack.m */ = {isa = PBXFileReference; fileEncoding = 4; lastKnownFileType = sourcecode.c.objc; path = CoreDataStack.m; sourceTree = "<group>"; };
		3FEDAB791E59AD1E00D3C0A8 /* StackProtocol.h */ = {isa = PBXFileReference; fileEncoding = 4; lastKnownFileType = sourcecode.c.h; path = StackProtocol.h; sourceTree = "<group>"; };
		3FEDAB7A1E59B8DC00D3C0A8 /* StackFactory.h */ = {isa = PBXFileReference; fileEncoding = 4; lastKnownFileType = sourcecode.c.h; path = StackFactory.h; sourceTree = "<group>"; };
		3FEDAB7B1E59B8DC00D3C0A8 /* StackFactory.m */ = {isa = PBXFileReference; fileEncoding = 4; lastKnownFileType = sourcecode.c.objc; path = StackFactory.m; sourceTree = "<group>"; };
		3FEDAB7E1E59B9B000D3C0A8 /* TestCoreDataStack.h */ = {isa = PBXFileReference; fileEncoding = 4; lastKnownFileType = sourcecode.c.h; path = TestCoreDataStack.h; sourceTree = "<group>"; };
		3FEDAB7F1E59B9B000D3C0A8 /* TestCoreDataStack.m */ = {isa = PBXFileReference; fileEncoding = 4; lastKnownFileType = sourcecode.c.objc; path = TestCoreDataStack.m; sourceTree = "<group>"; };
		3FEDAB821E59BA3D00D3C0A8 /* PrivateStackProtocol.h */ = {isa = PBXFileReference; fileEncoding = 4; lastKnownFileType = sourcecode.c.h; path = PrivateStackProtocol.h; sourceTree = "<group>"; };
		3FEDAB831E59C78100D3C0A8 /* Revolut-test_PrefixHeader.pch */ = {isa = PBXFileReference; fileEncoding = 4; lastKnownFileType = sourcecode.c.h; path = "Revolut-test_PrefixHeader.pch"; sourceTree = "<group>"; };
		3FEDAB8A1E59D0EC00D3C0A8 /* StorageManager.h */ = {isa = PBXFileReference; fileEncoding = 4; lastKnownFileType = sourcecode.c.h; path = StorageManager.h; sourceTree = "<group>"; };
		3FEDAB8B1E59D0EC00D3C0A8 /* StorageManager.m */ = {isa = PBXFileReference; fileEncoding = 4; lastKnownFileType = sourcecode.c.objc; path = StorageManager.m; sourceTree = "<group>"; };
		3FEDAB8E1E59D10700D3C0A8 /* StorageManagerProtocol.h */ = {isa = PBXFileReference; fileEncoding = 4; lastKnownFileType = sourcecode.c.h; path = StorageManagerProtocol.h; sourceTree = "<group>"; };
		3FEDAB9D1E59D4A700D3C0A8 /* PONSO_Currency.h */ = {isa = PBXFileReference; fileEncoding = 4; lastKnownFileType = sourcecode.c.h; path = PONSO_Currency.h; sourceTree = "<group>"; };
		3FEDAB9E1E59D4A700D3C0A8 /* PONSO_Currency.m */ = {isa = PBXFileReference; fileEncoding = 4; lastKnownFileType = sourcecode.c.objc; path = PONSO_Currency.m; sourceTree = "<group>"; };
		3FEDABD01E59D76600D3C0A8 /* CurrencyViewController.h */ = {isa = PBXFileReference; fileEncoding = 4; lastKnownFileType = sourcecode.c.h; path = CurrencyViewController.h; sourceTree = "<group>"; };
		3FEDABD11E59D76600D3C0A8 /* CurrencyViewController.m */ = {isa = PBXFileReference; fileEncoding = 4; lastKnownFileType = sourcecode.c.objc; path = CurrencyViewController.m; sourceTree = "<group>"; };
		3FEDABD41E59D79200D3C0A8 /* CurrencyPresenter.h */ = {isa = PBXFileReference; fileEncoding = 4; lastKnownFileType = sourcecode.c.h; path = CurrencyPresenter.h; sourceTree = "<group>"; };
		3FEDABD51E59D79200D3C0A8 /* CurrencyPresenter.m */ = {isa = PBXFileReference; fileEncoding = 4; lastKnownFileType = sourcecode.c.objc; path = CurrencyPresenter.m; sourceTree = "<group>"; };
		3FEDABD81E59D7AF00D3C0A8 /* CurrencyModuleOutput.h */ = {isa = PBXFileReference; fileEncoding = 4; lastKnownFileType = sourcecode.c.h; path = CurrencyModuleOutput.h; sourceTree = "<group>"; };
		3FEDABD91E59D7C200D3C0A8 /* CurrencyModuleInput.h */ = {isa = PBXFileReference; fileEncoding = 4; lastKnownFileType = sourcecode.c.h; path = CurrencyModuleInput.h; sourceTree = "<group>"; };
		3FEDABDA1E59D80600D3C0A8 /* CurrencyViewInput.h */ = {isa = PBXFileReference; fileEncoding = 4; lastKnownFileType = sourcecode.c.h; path = CurrencyViewInput.h; sourceTree = "<group>"; };
		3FEDABDB1E59D81000D3C0A8 /* CurrencyViewOutput.h */ = {isa = PBXFileReference; fileEncoding = 4; lastKnownFileType = sourcecode.c.h; path = CurrencyViewOutput.h; sourceTree = "<group>"; };
		3FEDABDC1E59D87800D3C0A8 /* CurrencyInteractorInput.h */ = {isa = PBXFileReference; fileEncoding = 4; lastKnownFileType = sourcecode.c.h; path = CurrencyInteractorInput.h; sourceTree = "<group>"; };
		3FEDABDD1E59D88F00D3C0A8 /* CurrencyInteractorOutput.h */ = {isa = PBXFileReference; fileEncoding = 4; lastKnownFileType = sourcecode.c.h; path = CurrencyInteractorOutput.h; sourceTree = "<group>"; };
		3FEDABDE1E59D89F00D3C0A8 /* CurrencyInteractor.h */ = {isa = PBXFileReference; fileEncoding = 4; lastKnownFileType = sourcecode.c.h; path = CurrencyInteractor.h; sourceTree = "<group>"; };
		3FEDABDF1E59D89F00D3C0A8 /* CurrencyInteractor.m */ = {isa = PBXFileReference; fileEncoding = 4; lastKnownFileType = sourcecode.c.objc; path = CurrencyInteractor.m; sourceTree = "<group>"; };
		3FEDABE21E59D8D600D3C0A8 /* CurrencyModuleConfigurator.h */ = {isa = PBXFileReference; fileEncoding = 4; lastKnownFileType = sourcecode.c.h; path = CurrencyModuleConfigurator.h; sourceTree = "<group>"; };
		3FEDABE31E59D8D600D3C0A8 /* CurrencyModuleConfigurator.m */ = {isa = PBXFileReference; fileEncoding = 4; lastKnownFileType = sourcecode.c.objc; path = CurrencyModuleConfigurator.m; sourceTree = "<group>"; };
		3FEDABE61E59D8EB00D3C0A8 /* CurrencyModuleInitializer.h */ = {isa = PBXFileReference; fileEncoding = 4; lastKnownFileType = sourcecode.c.h; path = CurrencyModuleInitializer.h; sourceTree = "<group>"; };
		3FEDABE71E59D8EB00D3C0A8 /* CurrencyModuleInitializer.m */ = {isa = PBXFileReference; fileEncoding = 4; lastKnownFileType = sourcecode.c.objc; path = CurrencyModuleInitializer.m; sourceTree = "<group>"; };
		3FF9721B1E5D722F00E38095 /* CurrencyExchangeValueChangingDelegate.h */ = {isa = PBXFileReference; fileEncoding = 4; lastKnownFileType = sourcecode.c.h; path = CurrencyExchangeValueChangingDelegate.h; sourceTree = "<group>"; };
		6B85C9051E5779C20082A62C /* Revolut-test.app */ = {isa = PBXFileReference; explicitFileType = wrapper.application; includeInIndex = 0; path = "Revolut-test.app"; sourceTree = BUILT_PRODUCTS_DIR; };
		6B85C9091E5779C20082A62C /* main.m */ = {isa = PBXFileReference; lastKnownFileType = sourcecode.c.objc; path = main.m; sourceTree = "<group>"; };
		6B85C90B1E5779C20082A62C /* AppDelegate.h */ = {isa = PBXFileReference; lastKnownFileType = sourcecode.c.h; path = AppDelegate.h; sourceTree = "<group>"; };
		6B85C90C1E5779C20082A62C /* AppDelegate.m */ = {isa = PBXFileReference; lastKnownFileType = sourcecode.c.objc; path = AppDelegate.m; sourceTree = "<group>"; };
		6B85C9121E5779C20082A62C /* Base */ = {isa = PBXFileReference; lastKnownFileType = file.storyboard; name = Base; path = Base.lproj/Exchange.storyboard; sourceTree = "<group>"; };
		6B85C9141E5779C20082A62C /* Assets.xcassets */ = {isa = PBXFileReference; lastKnownFileType = folder.assetcatalog; path = Assets.xcassets; sourceTree = "<group>"; };
		6B85C9171E5779C20082A62C /* Base */ = {isa = PBXFileReference; lastKnownFileType = file.storyboard; name = Base; path = Base.lproj/LaunchScreen.storyboard; sourceTree = "<group>"; };
		6B85C9191E5779C20082A62C /* Info.plist */ = {isa = PBXFileReference; lastKnownFileType = text.plist.xml; path = Info.plist; sourceTree = "<group>"; };
		6B85C91E1E5779C20082A62C /* Revolut-testTests.xctest */ = {isa = PBXFileReference; explicitFileType = wrapper.cfbundle; includeInIndex = 0; path = "Revolut-testTests.xctest"; sourceTree = BUILT_PRODUCTS_DIR; };
		6B85C9221E5779C20082A62C /* Revolut_testTests.m */ = {isa = PBXFileReference; lastKnownFileType = sourcecode.c.objc; path = Revolut_testTests.m; sourceTree = "<group>"; };
		6B85C9241E5779C20082A62C /* Info.plist */ = {isa = PBXFileReference; lastKnownFileType = text.plist.xml; path = Info.plist; sourceTree = "<group>"; };
		6B85C9291E5779C20082A62C /* Revolut-testUITests.xctest */ = {isa = PBXFileReference; explicitFileType = wrapper.cfbundle; includeInIndex = 0; path = "Revolut-testUITests.xctest"; sourceTree = BUILT_PRODUCTS_DIR; };
		6B85C92D1E5779C20082A62C /* Revolut_testUITests.m */ = {isa = PBXFileReference; lastKnownFileType = sourcecode.c.objc; path = Revolut_testUITests.m; sourceTree = "<group>"; };
		6B85C92F1E5779C20082A62C /* Info.plist */ = {isa = PBXFileReference; lastKnownFileType = text.plist.xml; path = Info.plist; sourceTree = "<group>"; };
		6B85C9461E578E080082A62C /* ExchangeModuleInitializer.h */ = {isa = PBXFileReference; fileEncoding = 4; lastKnownFileType = sourcecode.c.h; path = ExchangeModuleInitializer.h; sourceTree = "<group>"; };
		6B85C9471E578E080082A62C /* ExchangeModuleInitializer.m */ = {isa = PBXFileReference; fileEncoding = 4; lastKnownFileType = sourcecode.c.objc; path = ExchangeModuleInitializer.m; sourceTree = "<group>"; };
		6B85C94A1E578E4B0082A62C /* ExchangeViewController.h */ = {isa = PBXFileReference; fileEncoding = 4; lastKnownFileType = sourcecode.c.h; path = ExchangeViewController.h; sourceTree = "<group>"; };
		6B85C94B1E578E4B0082A62C /* ExchangeViewController.m */ = {isa = PBXFileReference; fileEncoding = 4; lastKnownFileType = sourcecode.c.objc; path = ExchangeViewController.m; sourceTree = "<group>"; };
		6B85C94E1E578FAC0082A62C /* ExchangeViewInput.h */ = {isa = PBXFileReference; fileEncoding = 4; lastKnownFileType = sourcecode.c.h; path = ExchangeViewInput.h; sourceTree = "<group>"; };
		6B85C94F1E578FC00082A62C /* ExchangeViewOutput.h */ = {isa = PBXFileReference; fileEncoding = 4; lastKnownFileType = sourcecode.c.h; path = ExchangeViewOutput.h; sourceTree = "<group>"; };
		6B85C9501E5790030082A62C /* ExchangePresenter.h */ = {isa = PBXFileReference; fileEncoding = 4; lastKnownFileType = sourcecode.c.h; path = ExchangePresenter.h; sourceTree = "<group>"; };
		6B85C9511E5790030082A62C /* ExchangePresenter.m */ = {isa = PBXFileReference; fileEncoding = 4; lastKnownFileType = sourcecode.c.objc; path = ExchangePresenter.m; sourceTree = "<group>"; };
		6B85C9551E5790330082A62C /* ExchangeInteractor.h */ = {isa = PBXFileReference; fileEncoding = 4; lastKnownFileType = sourcecode.c.h; path = ExchangeInteractor.h; sourceTree = "<group>"; };
		6B85C9561E5790330082A62C /* ExchangeInteractor.m */ = {isa = PBXFileReference; fileEncoding = 4; lastKnownFileType = sourcecode.c.objc; path = ExchangeInteractor.m; sourceTree = "<group>"; };
		6B85C9591E5790490082A62C /* ExchangeInteractorInput.h */ = {isa = PBXFileReference; fileEncoding = 4; lastKnownFileType = sourcecode.c.h; path = ExchangeInteractorInput.h; sourceTree = "<group>"; };
		6B85C95A1E5790560082A62C /* ExchangeInteractorOutput.h */ = {isa = PBXFileReference; fileEncoding = 4; lastKnownFileType = sourcecode.c.h; path = ExchangeInteractorOutput.h; sourceTree = "<group>"; };
		6B85C95B1E5790740082A62C /* ExchangeModuleConfigurator.h */ = {isa = PBXFileReference; fileEncoding = 4; lastKnownFileType = sourcecode.c.h; path = ExchangeModuleConfigurator.h; sourceTree = "<group>"; };
		6B85C95C1E5790740082A62C /* ExchangeModuleConfigurator.m */ = {isa = PBXFileReference; fileEncoding = 4; lastKnownFileType = sourcecode.c.objc; path = ExchangeModuleConfigurator.m; sourceTree = "<group>"; };
		6B85C9601E5798600082A62C /* CurrencyRateView.h */ = {isa = PBXFileReference; fileEncoding = 4; lastKnownFileType = sourcecode.c.h; path = CurrencyRateView.h; sourceTree = "<group>"; };
		6B85C9611E5798600082A62C /* CurrencyRateView.m */ = {isa = PBXFileReference; fileEncoding = 4; lastKnownFileType = sourcecode.c.objc; path = CurrencyRateView.m; sourceTree = "<group>"; };
/* End PBXFileReference section */

/* Begin PBXFrameworksBuildPhase section */
		6B85C9021E5779C20082A62C /* Frameworks */ = {
			isa = PBXFrameworksBuildPhase;
			buildActionMask = 2147483647;
			files = (
			);
			runOnlyForDeploymentPostprocessing = 0;
		};
		6B85C91B1E5779C20082A62C /* Frameworks */ = {
			isa = PBXFrameworksBuildPhase;
			buildActionMask = 2147483647;
			files = (
			);
			runOnlyForDeploymentPostprocessing = 0;
		};
		6B85C9261E5779C20082A62C /* Frameworks */ = {
			isa = PBXFrameworksBuildPhase;
			buildActionMask = 2147483647;
			files = (
			);
			runOnlyForDeploymentPostprocessing = 0;
		};
/* End PBXFrameworksBuildPhase section */

/* Begin PBXGroup section */
		3F0336251E5B8E37009FD37E /* CurrencyRate */ = {
			isa = PBXGroup;
			children = (
				3F0336261E5B8E5A009FD37E /* CurrencyRate.h */,
				3F0336271E5B8E5A009FD37E /* CurrencyRate.m */,
			);
			name = CurrencyRate;
			sourceTree = "<group>";
		};
		3F03362B1E5C3E4E009FD37E /* RatesMaker */ = {
			isa = PBXGroup;
			children = (
				3F03362C1E5C3E86009FD37E /* RatesMaker.h */,
				3F03362D1E5C3E86009FD37E /* RatesMaker.m */,
			);
			path = RatesMaker;
			sourceTree = "<group>";
		};
		3F03364F1E5C6A89009FD37E /* Categories */ = {
			isa = PBXGroup;
			children = (
				3F0336501E5C6AD2009FD37E /* UIView+DefaultConstraints.h */,
				3F0336511E5C6AD2009FD37E /* UIView+DefaultConstraints.m */,
			);
			path = Categories;
			sourceTree = "<group>";
		};
		3FC120981E59DF0900A834BE /* Subviews */ = {
			isa = PBXGroup;
			children = (
				3FC120991E59DF5C00A834BE /* CurrencyCollectionViewCell.h */,
				3FC1209A1E59DF5C00A834BE /* CurrencyCollectionViewCell.m */,
			);
			path = Subviews;
			sourceTree = "<group>";
		};
		3FC1209D1E59E00500A834BE /* Helpers */ = {
			isa = PBXGroup;
			children = (
				3FC120A31E59E09300A834BE /* CurrencyCollectionViewDataManagerDelegate.h */,
				3FC120A21E59E07C00A834BE /* CurrencyCollectionViewDataManagerProtocol.h */,
				3FC1209E1E59E06200A834BE /* CurrencyCollectionViewDataManager.h */,
				3FC1209F1E59E06200A834BE /* CurrencyCollectionViewDataManager.m */,
				3FC121141E5A211200A834BE /* CurrencyDrawingHelper.h */,
				3FC121151E5A211200A834BE /* CurrencyDrawingHelper.m */,
				3F0336171E5B4E80009FD37E /* CurrencyTextFormatter.h */,
				3F0336181E5B4E80009FD37E /* CurrencyTextFormatter.m */,
				3F03361B1E5B6249009FD37E /* CurrencyValueTextfieldDelegate.h */,
				3F03361C1E5B6249009FD37E /* CurrencyValueTextfieldDelegate.m */,
				3FF9721B1E5D722F00E38095 /* CurrencyExchangeValueChangingDelegate.h */,
			);
			path = Helpers;
			sourceTree = "<group>";
		};
		3FC120C41E59F93D00A834BE /* Parser */ = {
			isa = PBXGroup;
			children = (
				3F0336231E5B6A76009FD37E /* CurrenciesParserDelegate.h */,
				3FC120CD1E59F9BB00A834BE /* CurrenciesParserProtocol.h */,
				3FC120C51E59F98D00A834BE /* CurrenciesParser.h */,
				3FC120C61E59F98D00A834BE /* CurrenciesParser.m */,
				3FC120C71E59F98D00A834BE /* CurrenciesSeeds.json */,
				3FC120C81E59F98D00A834BE /* SeedDataExtractor.h */,
			);
			path = Parser;
			sourceTree = "<group>";
		};
		3FC120D71E5A0D3200A834BE /* Entity */ = {
			isa = PBXGroup;
			children = (
				3FC120D81E5A0D3E00A834BE /* CoreData */,
				3FC120D91E5A0D4700A834BE /* PONSO */,
			);
			path = Entity;
			sourceTree = "<group>";
		};
		3FC120D81E5A0D3E00A834BE /* CoreData */ = {
			isa = PBXGroup;
			children = (
				3FC120FD1E5A0E0100A834BE /* User */,
				3FC120FE1E5A0E0A00A834BE /* Wallet */,
			);
			path = CoreData;
			sourceTree = "<group>";
		};
		3FC120D91E5A0D4700A834BE /* PONSO */ = {
			isa = PBXGroup;
			children = (
				3FC120FB1E5A0DE700A834BE /* User */,
				3FC120FC1E5A0DF100A834BE /* Wallet */,
				3F0336251E5B8E37009FD37E /* CurrencyRate */,
			);
			path = PONSO;
			sourceTree = "<group>";
		};
		3FC120F21E5A0D8B00A834BE /* ManagedObjectCategories */ = {
			isa = PBXGroup;
			children = (
				3FC120F31E5A0DD300A834BE /* NSManagedObject+Creating.h */,
				3FC120F41E5A0DD300A834BE /* NSManagedObject+Creating.m */,
			);
			path = ManagedObjectCategories;
			sourceTree = "<group>";
		};
		3FC120FB1E5A0DE700A834BE /* User */ = {
			isa = PBXGroup;
			children = (
				3FC120DA1E5A0D6F00A834BE /* PONSO_User.h */,
				3FC120DB1E5A0D6F00A834BE /* PONSO_User.m */,
				3FC120FF1E5A0E4600A834BE /* PONSO_UserParser.h */,
				3FC121001E5A0E4600A834BE /* PONSO_UserParser.m */,
			);
			name = User;
			sourceTree = "<group>";
		};
		3FC120FC1E5A0DF100A834BE /* Wallet */ = {
			isa = PBXGroup;
			children = (
				3FC120DC1E5A0D6F00A834BE /* PONSO_Wallet.h */,
				3FC120DD1E5A0D6F00A834BE /* PONSO_Wallet.m */,
				3FC121031E5A0EF700A834BE /* PONSO_WalletParser.h */,
				3FC121041E5A0EF700A834BE /* PONSO_WalletParser.m */,
			);
			name = Wallet;
			sourceTree = "<group>";
		};
		3FC120FD1E5A0E0100A834BE /* User */ = {
			isa = PBXGroup;
			children = (
				3FC1210B1E5A14B600A834BE /* User+FetchRequests.h */,
				3FC1210C1E5A14B600A834BE /* User+FetchRequests.m */,
				3FC120E21E5A0D8300A834BE /* User+CoreDataClass.h */,
				3FC120E31E5A0D8300A834BE /* User+CoreDataClass.m */,
				3FC120E41E5A0D8300A834BE /* User+CoreDataProperties.h */,
				3FC120E51E5A0D8300A834BE /* User+CoreDataProperties.m */,
			);
			name = User;
			sourceTree = "<group>";
		};
		3FC120FE1E5A0E0A00A834BE /* Wallet */ = {
			isa = PBXGroup;
			children = (
				3FC120E61E5A0D8300A834BE /* Wallet+CoreDataClass.h */,
				3FC120E71E5A0D8300A834BE /* Wallet+CoreDataClass.m */,
				3FC120E81E5A0D8300A834BE /* Wallet+CoreDataProperties.h */,
				3FC120E91E5A0D8300A834BE /* Wallet+CoreDataProperties.m */,
			);
			name = Wallet;
			sourceTree = "<group>";
		};
		3FC1210F1E5A157500A834BE /* Saver */ = {
			isa = PBXGroup;
			children = (
				3FC121101E5A15A900A834BE /* UserSaver.h */,
				3FC121111E5A15A900A834BE /* UserSaver.m */,
			);
			path = Saver;
			sourceTree = "<group>";
		};
		3FEDAB4E1E59966600D3C0A8 /* Helpers */ = {
			isa = PBXGroup;
			children = (
				3FEDAB521E5996C900D3C0A8 /* ExchangeNotificationsHandlerProtocol.h */,
				3FEDAB531E59979100D3C0A8 /* ExchangeNotificationsHandlerDelegate.h */,
				3FEDAB4F1E59969000D3C0A8 /* ExchangeNotificationsHandler.h */,
				3FEDAB501E59969000D3C0A8 /* ExchangeNotificationsHandler.m */,
			);
			path = Helpers;
			sourceTree = "<group>";
		};
		3FEDAB541E59A74600D3C0A8 /* Currency */ = {
			isa = PBXGroup;
			children = (
				3FEDAB551E59A7DC00D3C0A8 /* View */,
				3FEDAB561E59A7E300D3C0A8 /* Presenter */,
				3FEDAB581E59A7F300D3C0A8 /* Interactor */,
				3FEDABC71E59D6C500D3C0A8 /* Entity */,
				3FEDAB591E59A7FA00D3C0A8 /* Configurator */,
			);
			path = Currency;
			sourceTree = "<group>";
		};
		3FEDAB551E59A7DC00D3C0A8 /* View */ = {
			isa = PBXGroup;
			children = (
				3FC1209D1E59E00500A834BE /* Helpers */,
				3FC120981E59DF0900A834BE /* Subviews */,
				3FEDABDA1E59D80600D3C0A8 /* CurrencyViewInput.h */,
				3FEDABDB1E59D81000D3C0A8 /* CurrencyViewOutput.h */,
				3FEDABD01E59D76600D3C0A8 /* CurrencyViewController.h */,
				3FEDABD11E59D76600D3C0A8 /* CurrencyViewController.m */,
			);
			path = View;
			sourceTree = "<group>";
		};
		3FEDAB561E59A7E300D3C0A8 /* Presenter */ = {
			isa = PBXGroup;
			children = (
				3F03362A1E5C30FA009FD37E /* CurrenciesViewTypes.h */,
				3FEDABD91E59D7C200D3C0A8 /* CurrencyModuleInput.h */,
				3FEDABD81E59D7AF00D3C0A8 /* CurrencyModuleOutput.h */,
				3FEDABD41E59D79200D3C0A8 /* CurrencyPresenter.h */,
				3FEDABD51E59D79200D3C0A8 /* CurrencyPresenter.m */,
			);
			path = Presenter;
			sourceTree = "<group>";
		};
		3FEDAB581E59A7F300D3C0A8 /* Interactor */ = {
			isa = PBXGroup;
			children = (
				3FEDABDC1E59D87800D3C0A8 /* CurrencyInteractorInput.h */,
				3FEDABDD1E59D88F00D3C0A8 /* CurrencyInteractorOutput.h */,
				3FEDABDE1E59D89F00D3C0A8 /* CurrencyInteractor.h */,
				3FEDABDF1E59D89F00D3C0A8 /* CurrencyInteractor.m */,
			);
			path = Interactor;
			sourceTree = "<group>";
		};
		3FEDAB591E59A7FA00D3C0A8 /* Configurator */ = {
			isa = PBXGroup;
			children = (
				3FEDABE21E59D8D600D3C0A8 /* CurrencyModuleConfigurator.h */,
				3FEDABE31E59D8D600D3C0A8 /* CurrencyModuleConfigurator.m */,
				3FEDABE61E59D8EB00D3C0A8 /* CurrencyModuleInitializer.h */,
				3FEDABE71E59D8EB00D3C0A8 /* CurrencyModuleInitializer.m */,
			);
			path = Configurator;
			sourceTree = "<group>";
		};
		3FEDAB5E1E59AAA200D3C0A8 /* DataBase */ = {
			isa = PBXGroup;
			children = (
				3FC120F21E5A0D8B00A834BE /* ManagedObjectCategories */,
				3FEDAB891E59D0B300D3C0A8 /* Manager */,
				3FEDAB641E59AB2700D3C0A8 /* Stack */,
				3FEDAB5F1E59AB1700D3C0A8 /* Revolut-test.xcdatamodeld */,
			);
			path = DataBase;
			sourceTree = "<group>";
		};
		3FEDAB641E59AB2700D3C0A8 /* Stack */ = {
			isa = PBXGroup;
			children = (
				3FEDAB791E59AD1E00D3C0A8 /* StackProtocol.h */,
				3FEDAB7A1E59B8DC00D3C0A8 /* StackFactory.h */,
				3FEDAB7B1E59B8DC00D3C0A8 /* StackFactory.m */,
				3FEDAB751E59AD0800D3C0A8 /* CoreDataStack.h */,
				3FEDAB761E59AD0800D3C0A8 /* CoreDataStack.m */,
				3FEDAB7E1E59B9B000D3C0A8 /* TestCoreDataStack.h */,
				3FEDAB7F1E59B9B000D3C0A8 /* TestCoreDataStack.m */,
				3FEDAB821E59BA3D00D3C0A8 /* PrivateStackProtocol.h */,
			);
			path = Stack;
			sourceTree = "<group>";
		};
		3FEDAB891E59D0B300D3C0A8 /* Manager */ = {
			isa = PBXGroup;
			children = (
				3FEDAB8E1E59D10700D3C0A8 /* StorageManagerProtocol.h */,
				3FEDAB8A1E59D0EC00D3C0A8 /* StorageManager.h */,
				3FEDAB8B1E59D0EC00D3C0A8 /* StorageManager.m */,
			);
			path = Manager;
			sourceTree = "<group>";
		};
		3FEDAB931E59D43400D3C0A8 /* CoreData */ = {
			isa = PBXGroup;
			children = (
				3FC120B01E59F54800A834BE /* Currency+CoreDataClass.h */,
				3FC120B11E59F54800A834BE /* Currency+CoreDataClass.m */,
				3FC120B21E59F54800A834BE /* Currency+CoreDataProperties.h */,
				3FC120B31E59F54800A834BE /* Currency+CoreDataProperties.m */,
			);
			path = CoreData;
			sourceTree = "<group>";
		};
		3FEDAB941E59D44000D3C0A8 /* PONSO */ = {
			isa = PBXGroup;
			children = (
				3FEDAB9D1E59D4A700D3C0A8 /* PONSO_Currency.h */,
				3FEDAB9E1E59D4A700D3C0A8 /* PONSO_Currency.m */,
				3FC121071E5A100700A834BE /* PONSO_CurrencyParser.h */,
				3FC121081E5A100700A834BE /* PONSO_CurrencyParser.m */,
			);
			path = PONSO;
			sourceTree = "<group>";
		};
		3FEDABC71E59D6C500D3C0A8 /* Entity */ = {
			isa = PBXGroup;
			children = (
				3FEDAB931E59D43400D3C0A8 /* CoreData */,
				3FEDAB941E59D44000D3C0A8 /* PONSO */,
			);
			path = Entity;
			sourceTree = "<group>";
		};
		6B85C8FC1E5779C20082A62C = {
			isa = PBXGroup;
			children = (
				6B85C9071E5779C20082A62C /* Revolut-test */,
				6B85C9211E5779C20082A62C /* Revolut-testTests */,
				6B85C92C1E5779C20082A62C /* Revolut-testUITests */,
				6B85C9061E5779C20082A62C /* Products */,
			);
			sourceTree = "<group>";
		};
		6B85C9061E5779C20082A62C /* Products */ = {
			isa = PBXGroup;
			children = (
				6B85C9051E5779C20082A62C /* Revolut-test.app */,
				6B85C91E1E5779C20082A62C /* Revolut-testTests.xctest */,
				6B85C9291E5779C20082A62C /* Revolut-testUITests.xctest */,
			);
			name = Products;
			sourceTree = "<group>";
		};
		6B85C9071E5779C20082A62C /* Revolut-test */ = {
			isa = PBXGroup;
			children = (
				3F03364F1E5C6A89009FD37E /* Categories */,
				3FEDAB5E1E59AAA200D3C0A8 /* DataBase */,
				6B85C9431E578D680082A62C /* Services */,
				6B85C93B1E578BBF0082A62C /* Exchange */,
				6B85C90B1E5779C20082A62C /* AppDelegate.h */,
				6B85C90C1E5779C20082A62C /* AppDelegate.m */,
				6B85C9141E5779C20082A62C /* Assets.xcassets */,
				6B85C9161E5779C20082A62C /* LaunchScreen.storyboard */,
				6B85C9191E5779C20082A62C /* Info.plist */,
				6B85C9081E5779C20082A62C /* Supporting Files */,
			);
			path = "Revolut-test";
			sourceTree = "<group>";
		};
		6B85C9081E5779C20082A62C /* Supporting Files */ = {
			isa = PBXGroup;
			children = (
				6B85C9091E5779C20082A62C /* main.m */,
				3FEDAB831E59C78100D3C0A8 /* Revolut-test_PrefixHeader.pch */,
			);
			name = "Supporting Files";
			sourceTree = "<group>";
		};
		6B85C9211E5779C20082A62C /* Revolut-testTests */ = {
			isa = PBXGroup;
			children = (
				6B85C9221E5779C20082A62C /* Revolut_testTests.m */,
				6B85C9241E5779C20082A62C /* Info.plist */,
			);
			path = "Revolut-testTests";
			sourceTree = "<group>";
		};
		6B85C92C1E5779C20082A62C /* Revolut-testUITests */ = {
			isa = PBXGroup;
			children = (
				6B85C92D1E5779C20082A62C /* Revolut_testUITests.m */,
				6B85C92F1E5779C20082A62C /* Info.plist */,
			);
			path = "Revolut-testUITests";
			sourceTree = "<group>";
		};
		6B85C93B1E578BBF0082A62C /* Exchange */ = {
			isa = PBXGroup;
			children = (
				6B85C93C1E578C1D0082A62C /* View */,
				6B85C93D1E578C2F0082A62C /* Presenter */,
				3FC120D71E5A0D3200A834BE /* Entity */,
				6B85C93F1E578C4B0082A62C /* Interactor */,
				6B85C9411E578C770082A62C /* Configurator */,
				6B85C9421E578C8A0082A62C /* SubModules */,
			);
			path = Exchange;
			sourceTree = "<group>";
		};
		6B85C93C1E578C1D0082A62C /* View */ = {
			isa = PBXGroup;
			children = (
				3FEDAB4E1E59966600D3C0A8 /* Helpers */,
				6B85C95F1E5798200082A62C /* Subviews */,
				6B85C9111E5779C20082A62C /* Exchange.storyboard */,
				6B85C94E1E578FAC0082A62C /* ExchangeViewInput.h */,
				6B85C94F1E578FC00082A62C /* ExchangeViewOutput.h */,
				6B85C94A1E578E4B0082A62C /* ExchangeViewController.h */,
				6B85C94B1E578E4B0082A62C /* ExchangeViewController.m */,
			);
			path = View;
			sourceTree = "<group>";
		};
		6B85C93D1E578C2F0082A62C /* Presenter */ = {
			isa = PBXGroup;
			children = (
				6B85C9501E5790030082A62C /* ExchangePresenter.h */,
				6B85C9511E5790030082A62C /* ExchangePresenter.m */,
			);
			path = Presenter;
			sourceTree = "<group>";
		};
		6B85C93F1E578C4B0082A62C /* Interactor */ = {
			isa = PBXGroup;
			children = (
				3F03362B1E5C3E4E009FD37E /* RatesMaker */,
				3FC1210F1E5A157500A834BE /* Saver */,
				3FC120C41E59F93D00A834BE /* Parser */,
				6B85C9591E5790490082A62C /* ExchangeInteractorInput.h */,
				6B85C95A1E5790560082A62C /* ExchangeInteractorOutput.h */,
				6B85C9551E5790330082A62C /* ExchangeInteractor.h */,
				6B85C9561E5790330082A62C /* ExchangeInteractor.m */,
			);
			path = Interactor;
			sourceTree = "<group>";
		};
		6B85C9411E578C770082A62C /* Configurator */ = {
			isa = PBXGroup;
			children = (
				6B85C95B1E5790740082A62C /* ExchangeModuleConfigurator.h */,
				6B85C95C1E5790740082A62C /* ExchangeModuleConfigurator.m */,
				6B85C9461E578E080082A62C /* ExchangeModuleInitializer.h */,
				6B85C9471E578E080082A62C /* ExchangeModuleInitializer.m */,
			);
			path = Configurator;
			sourceTree = "<group>";
		};
		6B85C9421E578C8A0082A62C /* SubModules */ = {
			isa = PBXGroup;
			children = (
				3FEDAB541E59A74600D3C0A8 /* Currency */,
			);
			name = SubModules;
			path = Submodules;
			sourceTree = "<group>";
		};
		6B85C9431E578D680082A62C /* Services */ = {
			isa = PBXGroup;
			children = (
				6B85C9441E578D9A0082A62C /* Network */,
			);
			path = Services;
			sourceTree = "<group>";
		};
		6B85C9441E578D9A0082A62C /* Network */ = {
			isa = PBXGroup;
			children = (
				3F03361F1E5B6275009FD37E /* NetworkClient.h */,
				3F0336201E5B6275009FD37E /* NetworkClient.m */,
			);
			path = Network;
			sourceTree = "<group>";
		};
		6B85C95F1E5798200082A62C /* Subviews */ = {
			isa = PBXGroup;
			children = (
				6B85C9601E5798600082A62C /* CurrencyRateView.h */,
				6B85C9611E5798600082A62C /* CurrencyRateView.m */,
			);
			path = Subviews;
			sourceTree = "<group>";
		};
/* End PBXGroup section */

/* Begin PBXNativeTarget section */
		6B85C9041E5779C20082A62C /* Revolut-test */ = {
			isa = PBXNativeTarget;
			buildConfigurationList = 6B85C9321E5779C20082A62C /* Build configuration list for PBXNativeTarget "Revolut-test" */;
			buildPhases = (
				6B85C9011E5779C20082A62C /* Sources */,
				6B85C9021E5779C20082A62C /* Frameworks */,
				6B85C9031E5779C20082A62C /* Resources */,
			);
			buildRules = (
			);
			dependencies = (
			);
			name = "Revolut-test";
			productName = "Revolut-test";
			productReference = 6B85C9051E5779C20082A62C /* Revolut-test.app */;
			productType = "com.apple.product-type.application";
		};
		6B85C91D1E5779C20082A62C /* Revolut-testTests */ = {
			isa = PBXNativeTarget;
			buildConfigurationList = 6B85C9351E5779C20082A62C /* Build configuration list for PBXNativeTarget "Revolut-testTests" */;
			buildPhases = (
				6B85C91A1E5779C20082A62C /* Sources */,
				6B85C91B1E5779C20082A62C /* Frameworks */,
				6B85C91C1E5779C20082A62C /* Resources */,
			);
			buildRules = (
			);
			dependencies = (
				6B85C9201E5779C20082A62C /* PBXTargetDependency */,
			);
			name = "Revolut-testTests";
			productName = "Revolut-testTests";
			productReference = 6B85C91E1E5779C20082A62C /* Revolut-testTests.xctest */;
			productType = "com.apple.product-type.bundle.unit-test";
		};
		6B85C9281E5779C20082A62C /* Revolut-testUITests */ = {
			isa = PBXNativeTarget;
			buildConfigurationList = 6B85C9381E5779C20082A62C /* Build configuration list for PBXNativeTarget "Revolut-testUITests" */;
			buildPhases = (
				6B85C9251E5779C20082A62C /* Sources */,
				6B85C9261E5779C20082A62C /* Frameworks */,
				6B85C9271E5779C20082A62C /* Resources */,
			);
			buildRules = (
			);
			dependencies = (
				6B85C92B1E5779C20082A62C /* PBXTargetDependency */,
			);
			name = "Revolut-testUITests";
			productName = "Revolut-testUITests";
			productReference = 6B85C9291E5779C20082A62C /* Revolut-testUITests.xctest */;
			productType = "com.apple.product-type.bundle.ui-testing";
		};
/* End PBXNativeTarget section */

/* Begin PBXProject section */
		6B85C8FD1E5779C20082A62C /* Project object */ = {
			isa = PBXProject;
			attributes = {
				LastUpgradeCheck = 0800;
				ORGANIZATIONNAME = AGG;
				TargetAttributes = {
					6B85C9041E5779C20082A62C = {
						CreatedOnToolsVersion = 8.0;
						DevelopmentTeam = G77S45E7QV;
						ProvisioningStyle = Automatic;
					};
					6B85C91D1E5779C20082A62C = {
						CreatedOnToolsVersion = 8.0;
						DevelopmentTeam = L7MV7FXX54;
						ProvisioningStyle = Automatic;
						TestTargetID = 6B85C9041E5779C20082A62C;
					};
					6B85C9281E5779C20082A62C = {
						CreatedOnToolsVersion = 8.0;
						DevelopmentTeam = L7MV7FXX54;
						ProvisioningStyle = Automatic;
						TestTargetID = 6B85C9041E5779C20082A62C;
					};
				};
			};
			buildConfigurationList = 6B85C9001E5779C20082A62C /* Build configuration list for PBXProject "Revolut-test" */;
			compatibilityVersion = "Xcode 3.2";
			developmentRegion = English;
			hasScannedForEncodings = 0;
			knownRegions = (
				en,
				Base,
			);
			mainGroup = 6B85C8FC1E5779C20082A62C;
			productRefGroup = 6B85C9061E5779C20082A62C /* Products */;
			projectDirPath = "";
			projectRoot = "";
			targets = (
				6B85C9041E5779C20082A62C /* Revolut-test */,
				6B85C91D1E5779C20082A62C /* Revolut-testTests */,
				6B85C9281E5779C20082A62C /* Revolut-testUITests */,
			);
		};
/* End PBXProject section */

/* Begin PBXResourcesBuildPhase section */
		6B85C9031E5779C20082A62C /* Resources */ = {
			isa = PBXResourcesBuildPhase;
			buildActionMask = 2147483647;
			files = (
				6B85C9181E5779C20082A62C /* LaunchScreen.storyboard in Resources */,
				6B85C9151E5779C20082A62C /* Assets.xcassets in Resources */,
				6B85C9131E5779C20082A62C /* Exchange.storyboard in Resources */,
				3FC120CB1E59F98D00A834BE /* CurrenciesSeeds.json in Resources */,
			);
			runOnlyForDeploymentPostprocessing = 0;
		};
		6B85C91C1E5779C20082A62C /* Resources */ = {
			isa = PBXResourcesBuildPhase;
			buildActionMask = 2147483647;
			files = (
				3FC120CC1E59F98D00A834BE /* CurrenciesSeeds.json in Resources */,
			);
			runOnlyForDeploymentPostprocessing = 0;
		};
		6B85C9271E5779C20082A62C /* Resources */ = {
			isa = PBXResourcesBuildPhase;
			buildActionMask = 2147483647;
			files = (
			);
			runOnlyForDeploymentPostprocessing = 0;
		};
/* End PBXResourcesBuildPhase section */

/* Begin PBXSourcesBuildPhase section */
		6B85C9011E5779C20082A62C /* Sources */ = {
			isa = PBXSourcesBuildPhase;
			buildActionMask = 2147483647;
			files = (
				3FEDAB801E59B9B000D3C0A8 /* TestCoreDataStack.m in Sources */,
				3FC121121E5A15A900A834BE /* UserSaver.m in Sources */,
				3FC120F01E5A0D8300A834BE /* Wallet+CoreDataProperties.m in Sources */,
				6B85C9481E578E080082A62C /* ExchangeModuleInitializer.m in Sources */,
				6B85C94C1E578E4B0082A62C /* ExchangeViewController.m in Sources */,
				3FEDAB511E59969000D3C0A8 /* ExchangeNotificationsHandler.m in Sources */,
				3F03362E1E5C3E86009FD37E /* RatesMaker.m in Sources */,
				3F0336281E5B8E5A009FD37E /* CurrencyRate.m in Sources */,
				3F0336521E5C6AD2009FD37E /* UIView+DefaultConstraints.m in Sources */,
				3F0336191E5B4E80009FD37E /* CurrencyTextFormatter.m in Sources */,
				3FEDABE01E59D89F00D3C0A8 /* CurrencyInteractor.m in Sources */,
				3FC120A01E59E06200A834BE /* CurrencyCollectionViewDataManager.m in Sources */,
				3FC120E01E5A0D6F00A834BE /* PONSO_Wallet.m in Sources */,
				3FEDABE81E59D8EB00D3C0A8 /* CurrencyModuleInitializer.m in Sources */,
				3FC121051E5A0EF700A834BE /* PONSO_WalletParser.m in Sources */,
				6B85C90D1E5779C20082A62C /* AppDelegate.m in Sources */,
				3FC120F71E5A0DD300A834BE /* NSManagedObject+Creating.m in Sources */,
				3FC120B61E59F54800A834BE /* Currency+CoreDataProperties.m in Sources */,
				3FEDAB771E59AD0800D3C0A8 /* CoreDataStack.m in Sources */,
				3FC120C91E59F98D00A834BE /* CurrenciesParser.m in Sources */,
				6B85C90A1E5779C20082A62C /* main.m in Sources */,
				3FC120EC1E5A0D8300A834BE /* User+CoreDataProperties.m in Sources */,
				3FEDABD61E59D79200D3C0A8 /* CurrencyPresenter.m in Sources */,
				3FEDAB7C1E59B8DC00D3C0A8 /* StackFactory.m in Sources */,
				3FEDAB8C1E59D0EC00D3C0A8 /* StorageManager.m in Sources */,
				3FC120DE1E5A0D6F00A834BE /* PONSO_User.m in Sources */,
				3FEDABD21E59D76600D3C0A8 /* CurrencyViewController.m in Sources */,
				3FC1210D1E5A14B600A834BE /* User+FetchRequests.m in Sources */,
				3F0336211E5B6275009FD37E /* NetworkClient.m in Sources */,
				3FC1209B1E59DF5C00A834BE /* CurrencyCollectionViewCell.m in Sources */,
				3FC121011E5A0E4600A834BE /* PONSO_UserParser.m in Sources */,
				6B85C9521E5790030082A62C /* ExchangePresenter.m in Sources */,
				3F03361D1E5B6249009FD37E /* CurrencyValueTextfieldDelegate.m in Sources */,
				3FC121091E5A100700A834BE /* PONSO_CurrencyParser.m in Sources */,
				6B85C95D1E5790740082A62C /* ExchangeModuleConfigurator.m in Sources */,
				6B85C9571E5790330082A62C /* ExchangeInteractor.m in Sources */,
				6B85C9621E5798600082A62C /* CurrencyRateView.m in Sources */,
				3FEDAB9F1E59D4A700D3C0A8 /* PONSO_Currency.m in Sources */,
				3FC121161E5A211200A834BE /* CurrencyDrawingHelper.m in Sources */,
				3FEDAB611E59AB1700D3C0A8 /* Revolut-test.xcdatamodeld in Sources */,
				3FEDABE41E59D8D600D3C0A8 /* CurrencyModuleConfigurator.m in Sources */,
			);
			runOnlyForDeploymentPostprocessing = 0;
		};
		6B85C91A1E5779C20082A62C /* Sources */ = {
			isa = PBXSourcesBuildPhase;
			buildActionMask = 2147483647;
			files = (
				3FEDAB811E59B9B000D3C0A8 /* TestCoreDataStack.m in Sources */,
				3FEDABE51E59D8D600D3C0A8 /* CurrencyModuleConfigurator.m in Sources */,
				3FC120EF1E5A0D8300A834BE /* Wallet+CoreDataClass.m in Sources */,
				3FC121131E5A15A900A834BE /* UserSaver.m in Sources */,
				3FEDABE91E59D8EB00D3C0A8 /* CurrencyModuleInitializer.m in Sources */,
				3FC120E11E5A0D6F00A834BE /* PONSO_Wallet.m in Sources */,
				3FC1209C1E59DF5C00A834BE /* CurrencyCollectionViewCell.m in Sources */,
				3FEDAB781E59AD0800D3C0A8 /* CoreDataStack.m in Sources */,
				3FC121021E5A0E4600A834BE /* PONSO_UserParser.m in Sources */,
				6B85C9231E5779C20082A62C /* Revolut_testTests.m in Sources */,
				6B85C9531E5790030082A62C /* ExchangePresenter.m in Sources */,
				3FEDABD71E59D79200D3C0A8 /* CurrencyPresenter.m in Sources */,
				3F0336221E5B6275009FD37E /* NetworkClient.m in Sources */,
				3FC120B71E59F54800A834BE /* Currency+CoreDataProperties.m in Sources */,
				6B85C9581E5790330082A62C /* ExchangeInteractor.m in Sources */,
				3FC1210A1E5A100700A834BE /* PONSO_CurrencyParser.m in Sources */,
				3F0336291E5B8E5A009FD37E /* CurrencyRate.m in Sources */,
				3FC121061E5A0EF700A834BE /* PONSO_WalletParser.m in Sources */,
				3FC120F81E5A0DD300A834BE /* NSManagedObject+Creating.m in Sources */,
				3FC120A11E59E06200A834BE /* CurrencyCollectionViewDataManager.m in Sources */,
				3FC120ED1E5A0D8300A834BE /* User+CoreDataProperties.m in Sources */,
				3F03362F1E5C3E86009FD37E /* RatesMaker.m in Sources */,
				3FEDAB7D1E59B8DC00D3C0A8 /* StackFactory.m in Sources */,
				3FC120DF1E5A0D6F00A834BE /* PONSO_User.m in Sources */,
				3FEDABE11E59D89F00D3C0A8 /* CurrencyInteractor.m in Sources */,
				3F03361E1E5B6249009FD37E /* CurrencyValueTextfieldDelegate.m in Sources */,
				6B85C95E1E5790740082A62C /* ExchangeModuleConfigurator.m in Sources */,
				3FC120EB1E5A0D8300A834BE /* User+CoreDataClass.m in Sources */,
				6B85C94D1E578E4B0082A62C /* ExchangeViewController.m in Sources */,
				3FC121171E5A211200A834BE /* CurrencyDrawingHelper.m in Sources */,
				3FEDABA01E59D4A700D3C0A8 /* PONSO_Currency.m in Sources */,
				3FC120B51E59F54800A834BE /* Currency+CoreDataClass.m in Sources */,
				6B85C9491E578E080082A62C /* ExchangeModuleInitializer.m in Sources */,
				3FEDAB8D1E59D0EC00D3C0A8 /* StorageManager.m in Sources */,
				6B85C9631E5798600082A62C /* CurrencyRateView.m in Sources */,
				3FEDAB621E59AB1700D3C0A8 /* Revolut-test.xcdatamodeld in Sources */,
				3FC120CA1E59F98D00A834BE /* CurrenciesParser.m in Sources */,
				3FC1210E1E5A14B600A834BE /* User+FetchRequests.m in Sources */,
				3FEDABD31E59D76600D3C0A8 /* CurrencyViewController.m in Sources */,
				3F03361A1E5B4E80009FD37E /* CurrencyTextFormatter.m in Sources */,
				3FC120F11E5A0D8300A834BE /* Wallet+CoreDataProperties.m in Sources */,
				3F0336531E5C6AD2009FD37E /* UIView+DefaultConstraints.m in Sources */,
			);
			runOnlyForDeploymentPostprocessing = 0;
		};
		6B85C9251E5779C20082A62C /* Sources */ = {
			isa = PBXSourcesBuildPhase;
			buildActionMask = 2147483647;
			files = (
				6B85C92E1E5779C20082A62C /* Revolut_testUITests.m in Sources */,
			);
			runOnlyForDeploymentPostprocessing = 0;
		};
/* End PBXSourcesBuildPhase section */

/* Begin PBXTargetDependency section */
		6B85C9201E5779C20082A62C /* PBXTargetDependency */ = {
			isa = PBXTargetDependency;
			target = 6B85C9041E5779C20082A62C /* Revolut-test */;
			targetProxy = 6B85C91F1E5779C20082A62C /* PBXContainerItemProxy */;
		};
		6B85C92B1E5779C20082A62C /* PBXTargetDependency */ = {
			isa = PBXTargetDependency;
			target = 6B85C9041E5779C20082A62C /* Revolut-test */;
			targetProxy = 6B85C92A1E5779C20082A62C /* PBXContainerItemProxy */;
		};
/* End PBXTargetDependency section */

/* Begin PBXVariantGroup section */
		6B85C9111E5779C20082A62C /* Exchange.storyboard */ = {
			isa = PBXVariantGroup;
			children = (
				6B85C9121E5779C20082A62C /* Base */,
			);
			name = Exchange.storyboard;
			path = ../..;
			sourceTree = "<group>";
		};
		6B85C9161E5779C20082A62C /* LaunchScreen.storyboard */ = {
			isa = PBXVariantGroup;
			children = (
				6B85C9171E5779C20082A62C /* Base */,
			);
			name = LaunchScreen.storyboard;
			sourceTree = "<group>";
		};
/* End PBXVariantGroup section */

/* Begin XCBuildConfiguration section */
		6B85C9301E5779C20082A62C /* Debug */ = {
			isa = XCBuildConfiguration;
			buildSettings = {
				ALWAYS_SEARCH_USER_PATHS = NO;
				CLANG_ANALYZER_NONNULL = YES;
				CLANG_CXX_LANGUAGE_STANDARD = "gnu++0x";
				CLANG_CXX_LIBRARY = "libc++";
				CLANG_ENABLE_MODULES = YES;
				CLANG_ENABLE_OBJC_ARC = YES;
				CLANG_WARN_BOOL_CONVERSION = YES;
				CLANG_WARN_CONSTANT_CONVERSION = YES;
				CLANG_WARN_DIRECT_OBJC_ISA_USAGE = YES_ERROR;
				CLANG_WARN_DOCUMENTATION_COMMENTS = YES;
				CLANG_WARN_EMPTY_BODY = YES;
				CLANG_WARN_ENUM_CONVERSION = YES;
				CLANG_WARN_INFINITE_RECURSION = YES;
				CLANG_WARN_INT_CONVERSION = YES;
				CLANG_WARN_OBJC_ROOT_CLASS = YES_ERROR;
				CLANG_WARN_SUSPICIOUS_MOVES = YES;
				CLANG_WARN_UNREACHABLE_CODE = YES;
				CLANG_WARN__DUPLICATE_METHOD_MATCH = YES;
				"CODE_SIGN_IDENTITY[sdk=iphoneos*]" = "iPhone Developer";
				COPY_PHASE_STRIP = NO;
				DEBUG_INFORMATION_FORMAT = dwarf;
				ENABLE_STRICT_OBJC_MSGSEND = YES;
				ENABLE_TESTABILITY = YES;
				GCC_C_LANGUAGE_STANDARD = gnu99;
				GCC_DYNAMIC_NO_PIC = NO;
				GCC_NO_COMMON_BLOCKS = YES;
				GCC_OPTIMIZATION_LEVEL = 0;
				GCC_PREPROCESSOR_DEFINITIONS = (
					"DEBUG=1",
					"$(inherited)",
				);
				GCC_WARN_64_TO_32_BIT_CONVERSION = YES;
				GCC_WARN_ABOUT_RETURN_TYPE = YES_ERROR;
				GCC_WARN_UNDECLARED_SELECTOR = YES;
				GCC_WARN_UNINITIALIZED_AUTOS = YES_AGGRESSIVE;
				GCC_WARN_UNUSED_FUNCTION = YES;
				GCC_WARN_UNUSED_VARIABLE = YES;
				IPHONEOS_DEPLOYMENT_TARGET = 10.0;
				MTL_ENABLE_DEBUG_INFO = YES;
				ONLY_ACTIVE_ARCH = YES;
				SDKROOT = iphoneos;
			};
			name = Debug;
		};
		6B85C9311E5779C20082A62C /* Release */ = {
			isa = XCBuildConfiguration;
			buildSettings = {
				ALWAYS_SEARCH_USER_PATHS = NO;
				CLANG_ANALYZER_NONNULL = YES;
				CLANG_CXX_LANGUAGE_STANDARD = "gnu++0x";
				CLANG_CXX_LIBRARY = "libc++";
				CLANG_ENABLE_MODULES = YES;
				CLANG_ENABLE_OBJC_ARC = YES;
				CLANG_WARN_BOOL_CONVERSION = YES;
				CLANG_WARN_CONSTANT_CONVERSION = YES;
				CLANG_WARN_DIRECT_OBJC_ISA_USAGE = YES_ERROR;
				CLANG_WARN_DOCUMENTATION_COMMENTS = YES;
				CLANG_WARN_EMPTY_BODY = YES;
				CLANG_WARN_ENUM_CONVERSION = YES;
				CLANG_WARN_INFINITE_RECURSION = YES;
				CLANG_WARN_INT_CONVERSION = YES;
				CLANG_WARN_OBJC_ROOT_CLASS = YES_ERROR;
				CLANG_WARN_SUSPICIOUS_MOVES = YES;
				CLANG_WARN_UNREACHABLE_CODE = YES;
				CLANG_WARN__DUPLICATE_METHOD_MATCH = YES;
				"CODE_SIGN_IDENTITY[sdk=iphoneos*]" = "iPhone Developer";
				COPY_PHASE_STRIP = NO;
				DEBUG_INFORMATION_FORMAT = "dwarf-with-dsym";
				ENABLE_NS_ASSERTIONS = NO;
				ENABLE_STRICT_OBJC_MSGSEND = YES;
				GCC_C_LANGUAGE_STANDARD = gnu99;
				GCC_NO_COMMON_BLOCKS = YES;
				GCC_WARN_64_TO_32_BIT_CONVERSION = YES;
				GCC_WARN_ABOUT_RETURN_TYPE = YES_ERROR;
				GCC_WARN_UNDECLARED_SELECTOR = YES;
				GCC_WARN_UNINITIALIZED_AUTOS = YES_AGGRESSIVE;
				GCC_WARN_UNUSED_FUNCTION = YES;
				GCC_WARN_UNUSED_VARIABLE = YES;
				IPHONEOS_DEPLOYMENT_TARGET = 10.0;
				MTL_ENABLE_DEBUG_INFO = NO;
				SDKROOT = iphoneos;
				VALIDATE_PRODUCT = YES;
			};
			name = Release;
		};
		6B85C9331E5779C20082A62C /* Debug */ = {
			isa = XCBuildConfiguration;
			buildSettings = {
				ASSETCATALOG_COMPILER_APPICON_NAME = AppIcon;
				DEVELOPMENT_TEAM = G77S45E7QV;
				GCC_PRECOMPILE_PREFIX_HEADER = YES;
				GCC_PREFIX_HEADER = "${PROJECT_DIR}/Revolut-test/Revolut-test_PrefixHeader.pch";
				INFOPLIST_FILE = "Revolut-test/Info.plist";
				IPHONEOS_DEPLOYMENT_TARGET = 9.3;
				LD_RUNPATH_SEARCH_PATHS = "$(inherited) @executable_path/Frameworks";
				PRODUCT_BUNDLE_IDENTIFIER = "AGG.Revolut-test";
				PRODUCT_NAME = "$(TARGET_NAME)";
			};
			name = Debug;
		};
		6B85C9341E5779C20082A62C /* Release */ = {
			isa = XCBuildConfiguration;
			buildSettings = {
				ASSETCATALOG_COMPILER_APPICON_NAME = AppIcon;
				DEVELOPMENT_TEAM = G77S45E7QV;
				GCC_PRECOMPILE_PREFIX_HEADER = YES;
				GCC_PREFIX_HEADER = "${PROJECT_DIR}/Revolut-test/Revolut-test_PrefixHeader.pch";
				INFOPLIST_FILE = "Revolut-test/Info.plist";
				IPHONEOS_DEPLOYMENT_TARGET = 9.3;
				LD_RUNPATH_SEARCH_PATHS = "$(inherited) @executable_path/Frameworks";
				PRODUCT_BUNDLE_IDENTIFIER = "AGG.Revolut-test";
				PRODUCT_NAME = "$(TARGET_NAME)";
			};
			name = Release;
		};
		6B85C9361E5779C20082A62C /* Debug */ = {
			isa = XCBuildConfiguration;
			buildSettings = {
				BUNDLE_LOADER = "$(TEST_HOST)";
				DEVELOPMENT_TEAM = L7MV7FXX54;
				GCC_PRECOMPILE_PREFIX_HEADER = YES;
				GCC_PREFIX_HEADER = "${PROJECT_DIR}/Revolut-test/Revolut-test_PrefixHeader.pch";
				INFOPLIST_FILE = "Revolut-testTests/Info.plist";
				LD_RUNPATH_SEARCH_PATHS = "$(inherited) @executable_path/Frameworks @loader_path/Frameworks";
				PRODUCT_BUNDLE_IDENTIFIER = "AGG.Revolut-testTests";
				PRODUCT_NAME = "$(TARGET_NAME)";
				TEST_HOST = "$(BUILT_PRODUCTS_DIR)/Revolut-test.app/Revolut-test";
			};
			name = Debug;
		};
		6B85C9371E5779C20082A62C /* Release */ = {
			isa = XCBuildConfiguration;
			buildSettings = {
				BUNDLE_LOADER = "$(TEST_HOST)";
				DEVELOPMENT_TEAM = L7MV7FXX54;
				GCC_PRECOMPILE_PREFIX_HEADER = YES;
				GCC_PREFIX_HEADER = "${PROJECT_DIR}/Revolut-test/Revolut-test_PrefixHeader.pch";
				INFOPLIST_FILE = "Revolut-testTests/Info.plist";
				LD_RUNPATH_SEARCH_PATHS = "$(inherited) @executable_path/Frameworks @loader_path/Frameworks";
				PRODUCT_BUNDLE_IDENTIFIER = "AGG.Revolut-testTests";
				PRODUCT_NAME = "$(TARGET_NAME)";
				TEST_HOST = "$(BUILT_PRODUCTS_DIR)/Revolut-test.app/Revolut-test";
			};
			name = Release;
		};
		6B85C9391E5779C20082A62C /* Debug */ = {
			isa = XCBuildConfiguration;
			buildSettings = {
				DEVELOPMENT_TEAM = L7MV7FXX54;
				GCC_PRECOMPILE_PREFIX_HEADER = YES;
				GCC_PREFIX_HEADER = "${PROJECT_DIR}/Revolut-test/Revolut-test_PrefixHeader.pch";
				INFOPLIST_FILE = "Revolut-testUITests/Info.plist";
				LD_RUNPATH_SEARCH_PATHS = "$(inherited) @executable_path/Frameworks @loader_path/Frameworks";
				PRODUCT_BUNDLE_IDENTIFIER = "AGG.Revolut-testUITests";
				PRODUCT_NAME = "$(TARGET_NAME)";
				TEST_TARGET_NAME = "Revolut-test";
			};
			name = Debug;
		};
		6B85C93A1E5779C20082A62C /* Release */ = {
			isa = XCBuildConfiguration;
			buildSettings = {
				DEVELOPMENT_TEAM = L7MV7FXX54;
				GCC_PRECOMPILE_PREFIX_HEADER = YES;
				GCC_PREFIX_HEADER = "${PROJECT_DIR}/Revolut-test/Revolut-test_PrefixHeader.pch";
				INFOPLIST_FILE = "Revolut-testUITests/Info.plist";
				LD_RUNPATH_SEARCH_PATHS = "$(inherited) @executable_path/Frameworks @loader_path/Frameworks";
				PRODUCT_BUNDLE_IDENTIFIER = "AGG.Revolut-testUITests";
				PRODUCT_NAME = "$(TARGET_NAME)";
				TEST_TARGET_NAME = "Revolut-test";
			};
			name = Release;
		};
/* End XCBuildConfiguration section */

/* Begin XCConfigurationList section */
		6B85C9001E5779C20082A62C /* Build configuration list for PBXProject "Revolut-test" */ = {
			isa = XCConfigurationList;
			buildConfigurations = (
				6B85C9301E5779C20082A62C /* Debug */,
				6B85C9311E5779C20082A62C /* Release */,
			);
			defaultConfigurationIsVisible = 0;
			defaultConfigurationName = Release;
		};
		6B85C9321E5779C20082A62C /* Build configuration list for PBXNativeTarget "Revolut-test" */ = {
			isa = XCConfigurationList;
			buildConfigurations = (
				6B85C9331E5779C20082A62C /* Debug */,
				6B85C9341E5779C20082A62C /* Release */,
			);
			defaultConfigurationIsVisible = 0;
			defaultConfigurationName = Release;
		};
		6B85C9351E5779C20082A62C /* Build configuration list for PBXNativeTarget "Revolut-testTests" */ = {
			isa = XCConfigurationList;
			buildConfigurations = (
				6B85C9361E5779C20082A62C /* Debug */,
				6B85C9371E5779C20082A62C /* Release */,
			);
			defaultConfigurationIsVisible = 0;
			defaultConfigurationName = Release;
		};
		6B85C9381E5779C20082A62C /* Build configuration list for PBXNativeTarget "Revolut-testUITests" */ = {
			isa = XCConfigurationList;
			buildConfigurations = (
				6B85C9391E5779C20082A62C /* Debug */,
				6B85C93A1E5779C20082A62C /* Release */,
			);
			defaultConfigurationIsVisible = 0;
			defaultConfigurationName = Release;
		};
/* End XCConfigurationList section */

/* Begin XCVersionGroup section */
		3FEDAB5F1E59AB1700D3C0A8 /* Revolut-test.xcdatamodeld */ = {
			isa = XCVersionGroup;
			children = (
				3FEDAB601E59AB1700D3C0A8 /* Revolut-test.xcdatamodel */,
			);
			currentVersion = 3FEDAB601E59AB1700D3C0A8 /* Revolut-test.xcdatamodel */;
			path = "Revolut-test.xcdatamodeld";
			sourceTree = "<group>";
			versionGroupType = wrapper.xcdatamodel;
		};
/* End XCVersionGroup section */
	};
	rootObject = 6B85C8FD1E5779C20082A62C /* Project object */;
}
